{
  "name": "osslic",
  "version": "1.0.0",
  "lockfileVersion": 2,
  "requires": true,
  "packages": {
    "": {
      "name": "osslic",
      "version": "1.0.0",
      "license": "ISC",
      "dependencies": {
        "tsv-json": "^2.0.0"
      }
    },
    "node_modules/tsv-json": {
      "version": "2.0.0",
      "resolved": "https://registry.npmjs.org/tsv-json/-/tsv-json-2.0.0.tgz",
      "integrity": "sha512-muMGcyearPghEu+ET4HyDo1aOkCTldTc6PujztHhRqsCkHAWuRDynTf1t20NJz5iI961m2CDNVeo9vhU/Vblfg=="
    }
  },
  "dependencies": {
    "tsv-json": {
      "version": "2.0.0",
      "resolved": "https://registry.npmjs.org/tsv-json/-/tsv-json-2.0.0.tgz",
      "integrity": "sha512-muMGcyearPghEu+ET4HyDo1aOkCTldTc6PujztHhRqsCkHAWuRDynTf1t20NJz5iI961m2CDNVeo9vhU/Vblfg=="
    }
  }
}
